
Microsoft Visual Studio Solution File, Format Version 12.00
# Visual Studio Version 17
VisualStudioVersion = 17.4.33110.190
MinimumVisualStudioVersion = 10.0.40219.1
Project("{9A19103F-16F7-4668-BE54-9A1E7A4F7556}") = "BUDSharedCore", "BUDSharedCore\BUDSharedCore.csproj", "{0244D3D2-125F-4678-B310-BD6DFA3B4A53}"
EndProject
Project("{9A19103F-16F7-4668-BE54-9A1E7A4F7556}") = "BUDSharedWebApiCore", "BUDSharedWebApiCore\BUDSharedWebApiCore.csproj", "{01BD1AB4-18CB-4AD1-BDB2-C1FE6E8D77F4}"
EndProject
Project("{9A19103F-16F7-4668-BE54-9A1E7A4F7556}") = "eBauGISTriageApi", "eBauGISTriageApi\eBauGISTriageApi.csproj", "{F88CB37E-84CF-45B2-9446-93B20BC1176D}"
EndProject
Project("{9A19103F-16F7-4668-BE54-9A1E7A4F7556}") = "eBauGISTriageUnitTests", "eBauGISTriageTests\eBauGISTriageUnitTests.csproj", "{A7269582-9C03-40BD-B164-7786C1DFB414}"
EndProject
Project("{9A19103F-16F7-4668-BE54-9A1E7A4F7556}") = "eBauGISTriageIntegrationTests", "eBauGISTriageIntegrationTests\eBauGISTriageIntegrationTests.csproj", "{4208900F-152F-40D4-82AE-7581438455ED}"
EndProject
Global
	GlobalSection(SolutionConfigurationPlatforms) = preSolution
		Debug|Any CPU = Debug|Any CPU
		Release|Any CPU = Release|Any CPU
		Test|Any CPU = Test|Any CPU
	EndGlobalSection
	GlobalSection(ProjectConfigurationPlatforms) = postSolution
		{0244D3D2-125F-4678-B310-BD6DFA3B4A53}.Debug|Any CPU.ActiveCfg = Debug|Any CPU
		{0244D3D2-125F-4678-B310-BD6DFA3B4A53}.Debug|Any CPU.Build.0 = Debug|Any CPU
		{0244D3D2-125F-4678-B310-BD6DFA3B4A53}.Release|Any CPU.ActiveCfg = Release|Any CPU
		{0244D3D2-125F-4678-B310-BD6DFA3B4A53}.Release|Any CPU.Build.0 = Release|Any CPU
		{0244D3D2-125F-4678-B310-BD6DFA3B4A53}.Test|Any CPU.ActiveCfg = Test|Any CPU
		{0244D3D2-125F-4678-B310-BD6DFA3B4A53}.Test|Any CPU.Build.0 = Test|Any CPU
		{01BD1AB4-18CB-4AD1-BDB2-C1FE6E8D77F4}.Debug|Any CPU.ActiveCfg = Debug|Any CPU
		{01BD1AB4-18CB-4AD1-BDB2-C1FE6E8D77F4}.Debug|Any CPU.Build.0 = Debug|Any CPU
		{01BD1AB4-18CB-4AD1-BDB2-C1FE6E8D77F4}.Release|Any CPU.ActiveCfg = Release|Any CPU
		{01BD1AB4-18CB-4AD1-BDB2-C1FE6E8D77F4}.Release|Any CPU.Build.0 = Release|Any CPU
		{01BD1AB4-18CB-4AD1-BDB2-C1FE6E8D77F4}.Test|Any CPU.ActiveCfg = Test|Any CPU
		{01BD1AB4-18CB-4AD1-BDB2-C1FE6E8D77F4}.Test|Any CPU.Build.0 = Test|Any CPU
		{F88CB37E-84CF-45B2-9446-93B20BC1176D}.Debug|Any CPU.ActiveCfg = Debug|Any CPU
		{F88CB37E-84CF-45B2-9446-93B20BC1176D}.Debug|Any CPU.Build.0 = Debug|Any CPU
		{F88CB37E-84CF-45B2-9446-93B20BC1176D}.Release|Any CPU.ActiveCfg = Release|Any CPU
		{F88CB37E-84CF-45B2-9446-93B20BC1176D}.Release|Any CPU.Build.0 = Release|Any CPU
		{F88CB37E-84CF-45B2-9446-93B20BC1176D}.Test|Any CPU.ActiveCfg = Test|Any CPU
		{F88CB37E-84CF-45B2-9446-93B20BC1176D}.Test|Any CPU.Build.0 = Test|Any CPU
		{A7269582-9C03-40BD-B164-7786C1DFB414}.Debug|Any CPU.ActiveCfg = Debug|Any CPU
		{A7269582-9C03-40BD-B164-7786C1DFB414}.Debug|Any CPU.Build.0 = Debug|Any CPU
		{A7269582-9C03-40BD-B164-7786C1DFB414}.Release|Any CPU.ActiveCfg = Release|Any CPU
		{A7269582-9C03-40BD-B164-7786C1DFB414}.Release|Any CPU.Build.0 = Release|Any CPU
		{A7269582-9C03-40BD-B164-7786C1DFB414}.Test|Any CPU.ActiveCfg = Test|Any CPU
		{A7269582-9C03-40BD-B164-7786C1DFB414}.Test|Any CPU.Build.0 = Test|Any CPU
		{4208900F-152F-40D4-82AE-7581438455ED}.Debug|Any CPU.ActiveCfg = Debug|Any CPU
		{4208900F-152F-40D4-82AE-7581438455ED}.Debug|Any CPU.Build.0 = Debug|Any CPU
		{4208900F-152F-40D4-82AE-7581438455ED}.Release|Any CPU.ActiveCfg = Release|Any CPU
		{4208900F-152F-40D4-82AE-7581438455ED}.Release|Any CPU.Build.0 = Release|Any CPU
		{4208900F-152F-40D4-82AE-7581438455ED}.Test|Any CPU.ActiveCfg = Test|Any CPU
		{4208900F-152F-40D4-82AE-7581438455ED}.Test|Any CPU.Build.0 = Test|Any CPU
	EndGlobalSection
	GlobalSection(SolutionProperties) = preSolution
		HideSolutionNode = FALSE
	EndGlobalSection
	GlobalSection(ExtensibilityGlobals) = postSolution
		SolutionGuid = {74B82BDE-005C-4804-BD70-2C4A22029E8F}
	EndGlobalSection
EndGlobal
